
Microsoft Visual Studio Solution File, Format Version 12.00
# Visual Studio Version 17
VisualStudioVersion = 17.4.33205.214
MinimumVisualStudioVersion = 10.0.40219.1
Project("{9A19103F-16F7-4668-BE54-9A1E7A4F7556}") = "Macronutrients", "Macronutrients\Macronutrients.csproj", "{9E9ED593-54E2-4E40-9B41-8309E54B6091}"
EndProject
Global
	GlobalSection(SolutionConfigurationPlatforms) = preSolution
		Debug|Any CPU = Debug|Any CPU
		Release|Any CPU = Release|Any CPU
	EndGlobalSection
	GlobalSection(ProjectConfigurationPlatforms) = postSolution
		{9E9ED593-54E2-4E40-9B41-8309E54B6091}.Debug|Any CPU.ActiveCfg = Debug|Any CPU
		{9E9ED593-54E2-4E40-9B41-8309E54B6091}.Debug|Any CPU.Build.0 = Debug|Any CPU
		{9E9ED593-54E2-4E40-9B41-8309E54B6091}.Release|Any CPU.ActiveCfg = Release|Any CPU
		{9E9ED593-54E2-4E40-9B41-8309E54B6091}.Release|Any CPU.Build.0 = Release|Any CPU
	EndGlobalSection
	GlobalSection(SolutionProperties) = preSolution
		HideSolutionNode = FALSE
	EndGlobalSection
	GlobalSection(ExtensibilityGlobals) = postSolution
		SolutionGuid = {29FEC773-8DEC-4471-AC6B-9C76B7B4E7F7}
	EndGlobalSection
EndGlobal
